
Microsoft Visual Studio Solution File, Format Version 12.00
# Visual Studio Version 16
VisualStudioVersion = 16.0.31205.134
MinimumVisualStudioVersion = 10.0.40219.1
Project("{2150E333-8FDC-42A3-9474-1A3956D46DE8}") = "Services", "Services", "{C9785154-B220-4C09-9BA8-64A4FE0779BB}"
EndProject
Project("{2150E333-8FDC-42A3-9474-1A3956D46DE8}") = "Catalog", "Catalog", "{B13D38E9-7C97-4499-92D6-233EFEF686A8}"
EndProject
Project("{9A19103F-16F7-4668-BE54-9A1E7A4F7556}") = "Catalog.API", "Services\Catalog\Catalog.API\Catalog.API.csproj", "{637E3F73-A3C4-4AD8-9864-CB134D1CFD03}"
EndProject
Project("{E53339B2-1760-4266-BCC7-CA923CBCF16C}") = "docker-compose", "docker-compose.dcproj", "{43DAD04E-99EF-4A33-83DE-A6A1DC6B9F86}"
EndProject
Project("{2150E333-8FDC-42A3-9474-1A3956D46DE8}") = "Basket", "Basket", "{9095F7A5-7D61-4663-9533-E9EB30E2F18A}"
EndProject
Project("{9A19103F-16F7-4668-BE54-9A1E7A4F7556}") = "Basket.API", "Services\Basket\Basket.API\Basket.API.csproj", "{B983622D-2B26-40D2-8FD6-1ABF1A74E24A}"
EndProject
Project("{2150E333-8FDC-42A3-9474-1A3956D46DE8}") = "Discount", "Discount", "{60E6235A-53BB-495A-AF73-31ACFF4343F6}"
EndProject
Project("{9A19103F-16F7-4668-BE54-9A1E7A4F7556}") = "Discount.API", "Services\Discount\Discount.API\Discount.API.csproj", "{EC43D529-39AE-4F1E-94FC-C4D0656E2E1D}"
EndProject
Project("{9A19103F-16F7-4668-BE54-9A1E7A4F7556}") = "Discount.Grpc", "Services\Discount\Discount.Grpc\Discount.Grpc.csproj", "{634CA210-4EE3-46F3-A6F2-A2C4CE7A49C5}"
EndProject
Project("{2150E333-8FDC-42A3-9474-1A3956D46DE8}") = "Ordering", "Ordering", "{11DA0200-26DC-416D-B3EF-AE132CB8D551}"
EndProject
Project("{9A19103F-16F7-4668-BE54-9A1E7A4F7556}") = "Ordering.API", "Services\Ordering\Ordering.API\Ordering.API.csproj", "{18E75293-5602-489A-95CA-A938D494A71B}"
EndProject
Project("{9A19103F-16F7-4668-BE54-9A1E7A4F7556}") = "Ordering.Domain", "Services\Ordering\Ordering.Domain\Ordering.Domain.csproj", "{781A6D14-B5AB-464E-B639-2EAE65BAAE4B}"
EndProject
Project("{9A19103F-16F7-4668-BE54-9A1E7A4F7556}") = "Ordering.Application", "Services\Ordering\Ordering.Application\Ordering.Application.csproj", "{27DA7C35-9ABA-4CF3-95A9-F052BDEB1BE9}"
EndProject
Project("{9A19103F-16F7-4668-BE54-9A1E7A4F7556}") = "Ordering.Infrastructure", "Services\Ordering\Ordering.Infrastructure\Ordering.Infrastructure.csproj", "{19AC670F-AEF6-4348-93B9-B4C5535589AD}"
EndProject
Project("{2150E333-8FDC-42A3-9474-1A3956D46DE8}") = "BuildingBlocks", "BuildingBlocks", "{9BFAD00C-FF68-4673-AFB9-6BB455612CA5}"
EndProject
Project("{FAE04EC0-301F-11D3-BF4B-00C04F79EFBC}") = "EventBus.Messages", "BuildingBlocks\EventBus.Messages\EventBus.Messages.csproj", "{40A8E668-7313-4266-ACF6-29D20371DE5B}"
EndProject
Global
	GlobalSection(SolutionConfigurationPlatforms) = preSolution
		Debug|Any CPU = Debug|Any CPU
		Release|Any CPU = Release|Any CPU
	EndGlobalSection
	GlobalSection(ProjectConfigurationPlatforms) = postSolution
		{637E3F73-A3C4-4AD8-9864-CB134D1CFD03}.Debug|Any CPU.ActiveCfg = Debug|Any CPU
		{637E3F73-A3C4-4AD8-9864-CB134D1CFD03}.Debug|Any CPU.Build.0 = Debug|Any CPU
		{637E3F73-A3C4-4AD8-9864-CB134D1CFD03}.Release|Any CPU.ActiveCfg = Release|Any CPU
		{637E3F73-A3C4-4AD8-9864-CB134D1CFD03}.Release|Any CPU.Build.0 = Release|Any CPU
		{43DAD04E-99EF-4A33-83DE-A6A1DC6B9F86}.Debug|Any CPU.ActiveCfg = Debug|Any CPU
		{43DAD04E-99EF-4A33-83DE-A6A1DC6B9F86}.Debug|Any CPU.Build.0 = Debug|Any CPU
		{43DAD04E-99EF-4A33-83DE-A6A1DC6B9F86}.Release|Any CPU.ActiveCfg = Release|Any CPU
		{43DAD04E-99EF-4A33-83DE-A6A1DC6B9F86}.Release|Any CPU.Build.0 = Release|Any CPU
		{B983622D-2B26-40D2-8FD6-1ABF1A74E24A}.Debug|Any CPU.ActiveCfg = Debug|Any CPU
		{B983622D-2B26-40D2-8FD6-1ABF1A74E24A}.Debug|Any CPU.Build.0 = Debug|Any CPU
		{B983622D-2B26-40D2-8FD6-1ABF1A74E24A}.Release|Any CPU.ActiveCfg = Release|Any CPU
		{B983622D-2B26-40D2-8FD6-1ABF1A74E24A}.Release|Any CPU.Build.0 = Release|Any CPU
		{EC43D529-39AE-4F1E-94FC-C4D0656E2E1D}.Debug|Any CPU.ActiveCfg = Debug|Any CPU
		{EC43D529-39AE-4F1E-94FC-C4D0656E2E1D}.Debug|Any CPU.Build.0 = Debug|Any CPU
		{EC43D529-39AE-4F1E-94FC-C4D0656E2E1D}.Release|Any CPU.ActiveCfg = Release|Any CPU
		{EC43D529-39AE-4F1E-94FC-C4D0656E2E1D}.Release|Any CPU.Build.0 = Release|Any CPU
		{634CA210-4EE3-46F3-A6F2-A2C4CE7A49C5}.Debug|Any CPU.ActiveCfg = Debug|Any CPU
		{634CA210-4EE3-46F3-A6F2-A2C4CE7A49C5}.Debug|Any CPU.Build.0 = Debug|Any CPU
		{634CA210-4EE3-46F3-A6F2-A2C4CE7A49C5}.Release|Any CPU.ActiveCfg = Release|Any CPU
		{634CA210-4EE3-46F3-A6F2-A2C4CE7A49C5}.Release|Any CPU.Build.0 = Release|Any CPU
		{18E75293-5602-489A-95CA-A938D494A71B}.Debug|Any CPU.ActiveCfg = Debug|Any CPU
		{18E75293-5602-489A-95CA-A938D494A71B}.Debug|Any CPU.Build.0 = Debug|Any CPU
		{18E75293-5602-489A-95CA-A938D494A71B}.Release|Any CPU.ActiveCfg = Release|Any CPU
		{18E75293-5602-489A-95CA-A938D494A71B}.Release|Any CPU.Build.0 = Release|Any CPU
		{781A6D14-B5AB-464E-B639-2EAE65BAAE4B}.Debug|Any CPU.ActiveCfg = Debug|Any CPU
		{781A6D14-B5AB-464E-B639-2EAE65BAAE4B}.Debug|Any CPU.Build.0 = Debug|Any CPU
		{781A6D14-B5AB-464E-B639-2EAE65BAAE4B}.Release|Any CPU.ActiveCfg = Release|Any CPU
		{781A6D14-B5AB-464E-B639-2EAE65BAAE4B}.Release|Any CPU.Build.0 = Release|Any CPU
		{27DA7C35-9ABA-4CF3-95A9-F052BDEB1BE9}.Debug|Any CPU.ActiveCfg = Debug|Any CPU
		{27DA7C35-9ABA-4CF3-95A9-F052BDEB1BE9}.Debug|Any CPU.Build.0 = Debug|Any CPU
		{27DA7C35-9ABA-4CF3-95A9-F052BDEB1BE9}.Release|Any CPU.ActiveCfg = Release|Any CPU
		{27DA7C35-9ABA-4CF3-95A9-F052BDEB1BE9}.Release|Any CPU.Build.0 = Release|Any CPU
		{19AC670F-AEF6-4348-93B9-B4C5535589AD}.Debug|Any CPU.ActiveCfg = Debug|Any CPU
		{19AC670F-AEF6-4348-93B9-B4C5535589AD}.Debug|Any CPU.Build.0 = Debug|Any CPU
		{19AC670F-AEF6-4348-93B9-B4C5535589AD}.Release|Any CPU.ActiveCfg = Release|Any CPU
		{19AC670F-AEF6-4348-93B9-B4C5535589AD}.Release|Any CPU.Build.0 = Release|Any CPU
		{40A8E668-7313-4266-ACF6-29D20371DE5B}.Debug|Any CPU.ActiveCfg = Debug|Any CPU
		{40A8E668-7313-4266-ACF6-29D20371DE5B}.Debug|Any CPU.Build.0 = Debug|Any CPU
		{40A8E668-7313-4266-ACF6-29D20371DE5B}.Release|Any CPU.ActiveCfg = Release|Any CPU
		{40A8E668-7313-4266-ACF6-29D20371DE5B}.Release|Any CPU.Build.0 = Release|Any CPU
	EndGlobalSection
	GlobalSection(SolutionProperties) = preSolution
		HideSolutionNode = FALSE
	EndGlobalSection
	GlobalSection(NestedProjects) = preSolution
		{B13D38E9-7C97-4499-92D6-233EFEF686A8} = {C9785154-B220-4C09-9BA8-64A4FE0779BB}
		{637E3F73-A3C4-4AD8-9864-CB134D1CFD03} = {B13D38E9-7C97-4499-92D6-233EFEF686A8}
		{9095F7A5-7D61-4663-9533-E9EB30E2F18A} = {C9785154-B220-4C09-9BA8-64A4FE0779BB}
		{B983622D-2B26-40D2-8FD6-1ABF1A74E24A} = {9095F7A5-7D61-4663-9533-E9EB30E2F18A}
		{60E6235A-53BB-495A-AF73-31ACFF4343F6} = {C9785154-B220-4C09-9BA8-64A4FE0779BB}
		{EC43D529-39AE-4F1E-94FC-C4D0656E2E1D} = {60E6235A-53BB-495A-AF73-31ACFF4343F6}
		{634CA210-4EE3-46F3-A6F2-A2C4CE7A49C5} = {60E6235A-53BB-495A-AF73-31ACFF4343F6}
		{11DA0200-26DC-416D-B3EF-AE132CB8D551} = {C9785154-B220-4C09-9BA8-64A4FE0779BB}
		{18E75293-5602-489A-95CA-A938D494A71B} = {11DA0200-26DC-416D-B3EF-AE132CB8D551}
		{781A6D14-B5AB-464E-B639-2EAE65BAAE4B} = {11DA0200-26DC-416D-B3EF-AE132CB8D551}
		{27DA7C35-9ABA-4CF3-95A9-F052BDEB1BE9} = {11DA0200-26DC-416D-B3EF-AE132CB8D551}
		{19AC670F-AEF6-4348-93B9-B4C5535589AD} = {11DA0200-26DC-416D-B3EF-AE132CB8D551}
		{40A8E668-7313-4266-ACF6-29D20371DE5B} = {9BFAD00C-FF68-4673-AFB9-6BB455612CA5}
	EndGlobalSection
	GlobalSection(ExtensibilityGlobals) = postSolution
		SolutionGuid = {5848B968-5CE3-4159-9D30-03C2750AB6BE}
	EndGlobalSection
EndGlobal
